
Microsoft Visual Studio Solution File, Format Version 12.00
# Visual Studio Version 17
VisualStudioVersion = 17.3.32825.248
MinimumVisualStudioVersion = 10.0.40219.1
Project("{FAE04EC0-301F-11D3-BF4B-00C04F79EFBC}") = "FILE", "FILE\FILE.csproj", "{5ED5D2C6-288D-4B47-BF40-C71C502A2CB0}"
EndProject
Global
	GlobalSection(SolutionConfigurationPlatforms) = preSolution
		Debug|Any CPU = Debug|Any CPU
		Release|Any CPU = Release|Any CPU
	EndGlobalSection
	GlobalSection(ProjectConfigurationPlatforms) = postSolution
		{5ED5D2C6-288D-4B47-BF40-C71C502A2CB0}.Debug|Any CPU.ActiveCfg = Debug|Any CPU
		{5ED5D2C6-288D-4B47-BF40-C71C502A2CB0}.Debug|Any CPU.Build.0 = Debug|Any CPU
		{5ED5D2C6-288D-4B47-BF40-C71C502A2CB0}.Release|Any CPU.ActiveCfg = Release|Any CPU
		{5ED5D2C6-288D-4B47-BF40-C71C502A2CB0}.Release|Any CPU.Build.0 = Release|Any CPU
	EndGlobalSection
	GlobalSection(SolutionProperties) = preSolution
		HideSolutionNode = FALSE
	EndGlobalSection
	GlobalSection(ExtensibilityGlobals) = postSolution
		SolutionGuid = {68C3B015-1817-4EE1-9539-8A62BC44AF3E}
	EndGlobalSection
EndGlobal
